{
  "name": "spectre",
  "version": "1.0.0",
  "lockfileVersion": 1,
  "requires": true,
  "dependencies": {
    "add": {
      "version": "2.0.6",
      "resolved": "https://registry.npmjs.org/add/-/add-2.0.6.tgz",
      "integrity": "sha1-JI8Kn25aUo7yKV2+7DBTITCuIjU="
    },
    "jquery": {
      "version": "3.5.0",
      "resolved": "https://registry.npmjs.org/jquery/-/jquery-3.5.0.tgz",
      "integrity": "sha512-Xb7SVYMvygPxbFMpTFQiHh1J7HClEaThguL15N/Gg37Lri/qKyhRGZYzHRyLH8Stq3Aow0LsHO2O2ci86fCrNQ=="
    },
    "magnific-popup": {
      "version": "1.1.0",
      "resolved": "https://registry.npmjs.org/magnific-popup/-/magnific-popup-1.1.0.tgz",
      "integrity": "sha1-PnNixb0Y9nhf6Z5Z0BPiCvM9MEk="
    },
    "or": {
      "version": "0.2.0",
      "resolved": "https://registry.npmjs.org/or/-/or-0.2.0.tgz",
      "integrity": "sha1-mQTqYeJZQ/k14g9PR0ngoUGoK2o="
    },
    "owl.carousel": {
      "version": "2.3.4",
      "resolved": "https://registry.npmjs.org/owl.carousel/-/owl.carousel-2.3.4.tgz",
      "integrity": "sha512-JaDss9+feAvEW8KZppPSpllfposEzQiW+Ytt/Xm5t/3CTJ7YVmkh6RkWixoA2yXk2boIwedYxOvrrppIGzru9A==",
      "requires": {
        "jquery": ">=1.8.3"
      }
    },
    "yarn": {
      "version": "1.21.1",
      "resolved": "https://registry.npmjs.org/yarn/-/yarn-1.21.1.tgz",
      "integrity": "sha512-dQgmJv676X/NQczpbiDtc2hsE/pppGDJAzwlRiADMTvFzYbdxPj2WO4PcNyriSt2c4jsCMpt8UFRKHUozt21GQ=="
    }
  }
}
